// !$*UTF8*$!
{
	archiveVersion = 1;
	classes = {
	};
	objectVersion = 46;
	objects = {

/* Begin PBXBuildFile section */
		6099960D170BF77000CA0EC4 /* UIKit.framework in Frameworks */ = {isa = PBXBuildFile; fileRef = 6099960C170BF77000CA0EC4 /* UIKit.framework */; };
		6099960F170BF77000CA0EC4 /* Foundation.framework in Frameworks */ = {isa = PBXBuildFile; fileRef = 6099960E170BF77000CA0EC4 /* Foundation.framework */; };
		60999611170BF77000CA0EC4 /* CoreGraphics.framework in Frameworks */ = {isa = PBXBuildFile; fileRef = 60999610170BF77000CA0EC4 /* CoreGraphics.framework */; };
		60999617170BF77000CA0EC4 /* InfoPlist.strings in Resources */ = {isa = PBXBuildFile; fileRef = 60999615170BF77000CA0EC4 /* InfoPlist.strings */; };
		60999619170BF77000CA0EC4 /* main.m in Sources */ = {isa = PBXBuildFile; fileRef = 60999618170BF77000CA0EC4 /* main.m */; };
		6099961D170BF77000CA0EC4 /* AppDelegate.m in Sources */ = {isa = PBXBuildFile; fileRef = 6099961C170BF77000CA0EC4 /* AppDelegate.m */; };
		6099961F170BF77000CA0EC4 /* Default.png in Resources */ = {isa = PBXBuildFile; fileRef = 6099961E170BF77000CA0EC4 /* Default.png */; };
		60999621170BF77000CA0EC4 /* Default@2x.png in Resources */ = {isa = PBXBuildFile; fileRef = 60999620170BF77000CA0EC4 /* Default@2x.png */; };
		60999623170BF77000CA0EC4 /* Default-568h@2x.png in Resources */ = {isa = PBXBuildFile; fileRef = 60999622170BF77000CA0EC4 /* Default-568h@2x.png */; };
		60999626170BF77000CA0EC4 /* MainStoryboard.storyboard in Resources */ = {isa = PBXBuildFile; fileRef = 60999624170BF77000CA0EC4 /* MainStoryboard.storyboard */; };
		60999629170BF77100CA0EC4 /* ViewController.m in Sources */ = {isa = PBXBuildFile; fileRef = 60999628170BF77100CA0EC4 /* ViewController.m */; };
/* End PBXBuildFile section */

/* Begin PBXFileReference section */
		60999609170BF77000CA0EC4 /* UISwitchSample.app */ = {isa = PBXFileReference; explicitFileType = wrapper.application; includeInIndex = 0; path = UISwitchSample.app; sourceTree = BUILT_PRODUCTS_DIR; };
		6099960C170BF77000CA0EC4 /* UIKit.framework */ = {isa = PBXFileReference; lastKnownFileType = wrapper.framework; name = UIKit.framework; path = System/Library/Frameworks/UIKit.framework; sourceTree = SDKROOT; };
		6099960E170BF77000CA0EC4 /* Foundation.framework */ = {isa = PBXFileReference; lastKnownFileType = wrapper.framework; name = Foundation.framework; path = System/Library/Frameworks/Foundation.framework; sourceTree = SDKROOT; };
		60999610170BF77000CA0EC4 /* CoreGraphics.framework */ = {isa = PBXFileReference; lastKnownFileType = wrapper.framework; name = CoreGraphics.framework; path = System/Library/Frameworks/CoreGraphics.framework; sourceTree = SDKROOT; };
		60999614170BF77000CA0EC4 /* UISwitchSample-Info.plist */ = {isa = PBXFileReference; lastKnownFileType = text.plist.xml; path = "UISwitchSample-Info.plist"; sourceTree = "<group>"; };
		60999616170BF77000CA0EC4 /* en */ = {isa = PBXFileReference; lastKnownFileType = text.plist.strings; name = en; path = en.lproj/InfoPlist.strings; sourceTree = "<group>"; };
		60999618170BF77000CA0EC4 /* main.m */ = {isa = PBXFileReference; lastKnownFileType = sourcecode.c.objc; path = main.m; sourceTree = "<group>"; };
		6099961A170BF77000CA0EC4 /* UISwitchSample-Prefix.pch */ = {isa = PBXFileReference; lastKnownFileType = sourcecode.c.h; path = "UISwitchSample-Prefix.pch"; sourceTree = "<group>"; };
		6099961B170BF77000CA0EC4 /* AppDelegate.h */ = {isa = PBXFileReference; lastKnownFileType = sourcecode.c.h; path = AppDelegate.h; sourceTree = "<group>"; };
		6099961C170BF77000CA0EC4 /* AppDelegate.m */ = {isa = PBXFileReference; lastKnownFileType = sourcecode.c.objc; path = AppDelegate.m; sourceTree = "<group>"; };
		6099961E170BF77000CA0EC4 /* Default.png */ = {isa = PBXFileReference; lastKnownFileType = image.png; path = Default.png; sourceTree = "<group>"; };
		60999620170BF77000CA0EC4 /* Default@2x.png */ = {isa = PBXFileReference; lastKnownFileType = image.png; path = "Default@2x.png"; sourceTree = "<group>"; };
		60999622170BF77000CA0EC4 /* Default-568h@2x.png */ = {isa = PBXFileReference; lastKnownFileType = image.png; path = "Default-568h@2x.png"; sourceTree = "<group>"; };
		60999625170BF77000CA0EC4 /* en */ = {isa = PBXFileReference; lastKnownFileType = file.storyboard; name = en; path = en.lproj/MainStoryboard.storyboard; sourceTree = "<group>"; };
		60999627170BF77100CA0EC4 /* ViewController.h */ = {isa = PBXFileReference; lastKnownFileType = sourcecode.c.h; path = ViewController.h; sourceTree = "<group>"; };
		60999628170BF77100CA0EC4 /* ViewController.m */ = {isa = PBXFileReference; lastKnownFileType = sourcecode.c.objc; path = ViewController.m; sourceTree = "<group>"; };
/* End PBXFileReference section */

/* Begin PBXFrameworksBuildPhase section */
		60999606170BF77000CA0EC4 /* Frameworks */ = {
			isa = PBXFrameworksBuildPhase;
			buildActionMask = 2147483647;
			files = (
				6099960D170BF77000CA0EC4 /* UIKit.framework in Frameworks */,
				6099960F170BF77000CA0EC4 /* Foundation.framework in Frameworks */,
				60999611170BF77000CA0EC4 /* CoreGraphics.framework in Frameworks */,
			);
			runOnlyForDeploymentPostprocessing = 0;
		};
/* End PBXFrameworksBuildPhase section */

/* Begin PBXGroup section */
		60999600170BF77000CA0EC4 = {
			isa = PBXGroup;
			children = (
				60999612170BF77000CA0EC4 /* UISwitchSample */,
				6099960B170BF77000CA0EC4 /* Frameworks */,
				6099960A170BF77000CA0EC4 /* Products */,
			);
			sourceTree = "<group>";
		};
		6099960A170BF77000CA0EC4 /* Products */ = {
			isa = PBXGroup;
			children = (
				60999609170BF77000CA0EC4 /* UISwitchSample.app */,
			);
			name = Products;
			sourceTree = "<group>";
		};
		6099960B170BF77000CA0EC4 /* Frameworks */ = {
			isa = PBXGroup;
			children = (
				6099960C170BF77000CA0EC4 /* UIKit.framework */,
				6099960E170BF77000CA0EC4 /* Foundation.framework */,
				60999610170BF77000CA0EC4 /* CoreGraphics.framework */,
			);
			name = Frameworks;
			sourceTree = "<group>";
		};
		60999612170BF77000CA0EC4 /* UISwitchSample */ = {
			isa = PBXGroup;
			children = (
				6099961B170BF77000CA0EC4 /* AppDelegate.h */,
				6099961C170BF77000CA0EC4 /* AppDelegate.m */,
				60999624170BF77000CA0EC4 /* MainStoryboard.storyboard */,
				60999627170BF77100CA0EC4 /* ViewController.h */,
				60999628170BF77100CA0EC4 /* ViewController.m */,
				60999613170BF77000CA0EC4 /* Supporting Files */,
			);
			path = UISwitchSample;
			sourceTree = "<group>";
		};
		60999613170BF77000CA0EC4 /* Supporting Files */ = {
			isa = PBXGroup;
			children = (
				60999614170BF77000CA0EC4 /* UISwitchSample-Info.plist */,
				60999615170BF77000CA0EC4 /* InfoPlist.strings */,
				60999618170BF77000CA0EC4 /* main.m */,
				6099961A170BF77000CA0EC4 /* UISwitchSample-Prefix.pch */,
				6099961E170BF77000CA0EC4 /* Default.png */,
				60999620170BF77000CA0EC4 /* Default@2x.png */,
				60999622170BF77000CA0EC4 /* Default-568h@2x.png */,
			);
			name = "Supporting Files";
			sourceTree = "<group>";
		};
/* End PBXGroup section */

/* Begin PBXNativeTarget section */
		60999608170BF77000CA0EC4 /* UISwitchSample */ = {
			isa = PBXNativeTarget;
			buildConfigurationList = 6099962C170BF77100CA0EC4 /* Build configuration list for PBXNativeTarget "UISwitchSample" */;
			buildPhases = (
				60999605170BF77000CA0EC4 /* Sources */,
				60999606170BF77000CA0EC4 /* Frameworks */,
				60999607170BF77000CA0EC4 /* Resources */,
			);
			buildRules = (
			);
			dependencies = (
			);
			name = UISwitchSample;
			productName = UISwitchSample;
			productReference = 60999609170BF77000CA0EC4 /* UISwitchSample.app */;
			productType = "com.apple.product-type.application";
		};
/* End PBXNativeTarget section */

/* Begin PBXProject section */
		60999601170BF77000CA0EC4 /* Project object */ = {
			isa = PBXProject;
			attributes = {
				LastUpgradeCheck = 0460;
				ORGANIZATIONNAME = Dolice;
			};
			buildConfigurationList = 60999604170BF77000CA0EC4 /* Build configuration list for PBXProject "UISwitchSample" */;
			compatibilityVersion = "Xcode 3.2";
			developmentRegion = English;
			hasScannedForEncodings = 0;
			knownRegions = (
				en,
			);
			mainGroup = 60999600170BF77000CA0EC4;
			productRefGroup = 6099960A170BF77000CA0EC4 /* Products */;
			projectDirPath = "";
			projectRoot = "";
			targets = (
				60999608170BF77000CA0EC4 /* UISwitchSample */,
			);
		};
/* End PBXProject section */

/* Begin PBXResourcesBuildPhase section */
		60999607170BF77000CA0EC4 /* Resources */ = {
			isa = PBXResourcesBuildPhase;
			buildActionMask = 2147483647;
			files = (
				60999617170BF77000CA0EC4 /* InfoPlist.strings in Resources */,
				6099961F170BF77000CA0EC4 /* Default.png in Resources */,
				60999621170BF77000CA0EC4 /* Default@2x.png in Resources */,
				60999623170BF77000CA0EC4 /* Default-568h@2x.png in Resources */,
				60999626170BF77000CA0EC4 /* MainStoryboard.storyboard in Resources */,
			);
			runOnlyForDeploymentPostprocessing = 0;
		};
/* End PBXResourcesBuildPhase section */

/* Begin PBXSourcesBuildPhase section */
		60999605170BF77000CA0EC4 /* Sources */ = {
			isa = PBXSourcesBuildPhase;
			buildActionMask = 2147483647;
			files = (
				60999619170BF77000CA0EC4 /* main.m in Sources */,
				6099961D170BF77000CA0EC4 /* AppDelegate.m in Sources */,
				60999629170BF77100CA0EC4 /* ViewController.m in Sources */,
			);
			runOnlyForDeploymentPostprocessing = 0;
		};
/* End PBXSourcesBuildPhase section */

/* Begin PBXVariantGroup section */
		60999615170BF77000CA0EC4 /* InfoPlist.strings */ = {
			isa = PBXVariantGroup;
			children = (
				60999616170BF77000CA0EC4 /* en */,
			);
			name = InfoPlist.strings;
			sourceTree = "<group>";
		};
		60999624170BF77000CA0EC4 /* MainStoryboard.storyboard */ = {
			isa = PBXVariantGroup;
			children = (
				60999625170BF77000CA0EC4 /* en */,
			);
			name = MainStoryboard.storyboard;
			sourceTree = "<group>";
		};
/* End PBXVariantGroup section */

/* Begin XCBuildConfiguration section */
		6099962A170BF77100CA0EC4 /* Debug */ = {
			isa = XCBuildConfiguration;
			buildSettings = {
				ALWAYS_SEARCH_USER_PATHS = NO;
				CLANG_CXX_LANGUAGE_STANDARD = "gnu++0x";
				CLANG_CXX_LIBRARY = "libc++";
				CLANG_ENABLE_OBJC_ARC = YES;
				CLANG_WARN_CONSTANT_CONVERSION = YES;
				CLANG_WARN_EMPTY_BODY = YES;
				CLANG_WARN_ENUM_CONVERSION = YES;
				CLANG_WARN_INT_CONVERSION = YES;
				CLANG_WARN__DUPLICATE_METHOD_MATCH = YES;
				"CODE_SIGN_IDENTITY[sdk=iphoneos*]" = "iPhone Developer";
				COPY_PHASE_STRIP = NO;
				GCC_C_LANGUAGE_STANDARD = gnu99;
				GCC_DYNAMIC_NO_PIC = NO;
				GCC_OPTIMIZATION_LEVEL = 0;
				GCC_PREPROCESSOR_DEFINITIONS = (
					"DEBUG=1",
					"$(inherited)",
				);
				GCC_SYMBOLS_PRIVATE_EXTERN = NO;
				GCC_WARN_ABOUT_RETURN_TYPE = YES;
				GCC_WARN_UNINITIALIZED_AUTOS = YES;
				GCC_WARN_UNUSED_VARIABLE = YES;
				IPHONEOS_DEPLOYMENT_TARGET = 6.1;
				ONLY_ACTIVE_ARCH = YES;
				SDKROOT = iphoneos;
			};
			name = Debug;
		};
		6099962B170BF77100CA0EC4 /* Release */ = {
			isa = XCBuildConfiguration;
			buildSettings = {
				ALWAYS_SEARCH_USER_PATHS = NO;
				CLANG_CXX_LANGUAGE_STANDARD = "gnu++0x";
				CLANG_CXX_LIBRARY = "libc++";
				CLANG_ENABLE_OBJC_ARC = YES;
				CLANG_WARN_CONSTANT_CONVERSION = YES;
				CLANG_WARN_EMPTY_BODY = YES;
				CLANG_WARN_ENUM_CONVERSION = YES;
				CLANG_WARN_INT_CONVERSION = YES;
				CLANG_WARN__DUPLICATE_METHOD_MATCH = YES;
				"CODE_SIGN_IDENTITY[sdk=iphoneos*]" = "iPhone Developer";
				COPY_PHASE_STRIP = YES;
				GCC_C_LANGUAGE_STANDARD = gnu99;
				GCC_WARN_ABOUT_RETURN_TYPE = YES;
				GCC_WARN_UNINITIALIZED_AUTOS = YES;
				GCC_WARN_UNUSED_VARIABLE = YES;
				IPHONEOS_DEPLOYMENT_TARGET = 6.1;
				OTHER_CFLAGS = "-DNS_BLOCK_ASSERTIONS=1";
				SDKROOT = iphoneos;
				VALIDATE_PRODUCT = YES;
			};
			name = Release;
		};
		6099962D170BF77100CA0EC4 /* Debug */ = {
			isa = XCBuildConfiguration;
			buildSettings = {
				GCC_PRECOMPILE_PREFIX_HEADER = YES;
				GCC_PREFIX_HEADER = "UISwitchSample/UISwitchSample-Prefix.pch";
				INFOPLIST_FILE = "UISwitchSample/UISwitchSample-Info.plist";
				PRODUCT_NAME = "$(TARGET_NAME)";
				WRAPPER_EXTENSION = app;
			};
			name = Debug;
		};
		6099962E170BF77100CA0EC4 /* Release */ = {
			isa = XCBuildConfiguration;
			buildSettings = {
				GCC_PRECOMPILE_PREFIX_HEADER = YES;
				GCC_PREFIX_HEADER = "UISwitchSample/UISwitchSample-Prefix.pch";
				INFOPLIST_FILE = "UISwitchSample/UISwitchSample-Info.plist";
				PRODUCT_NAME = "$(TARGET_NAME)";
				WRAPPER_EXTENSION = app;
			};
			name = Release;
		};
/* End XCBuildConfiguration section */

/* Begin XCConfigurationList section */
		60999604170BF77000CA0EC4 /* Build configuration list for PBXProject "UISwitchSample" */ = {
			isa = XCConfigurationList;
			buildConfigurations = (
				6099962A170BF77100CA0EC4 /* Debug */,
				6099962B170BF77100CA0EC4 /* Release */,
			);
			defaultConfigurationIsVisible = 0;
			defaultConfigurationName = Release;
		};
		6099962C170BF77100CA0EC4 /* Build configuration list for PBXNativeTarget "UISwitchSample" */ = {
			isa = XCConfigurationList;
			buildConfigurations = (
				6099962D170BF77100CA0EC4 /* Debug */,
				6099962E170BF77100CA0EC4 /* Release */,
			);
			defaultConfigurationIsVisible = 0;
		};
/* End XCConfigurationList section */
	};
	rootObject = 60999601170BF77000CA0EC4 /* Project object */;
}
